
Microsoft Visual Studio Solution File, Format Version 12.00
# Visual Studio Version 17
VisualStudioVersion = 17.0.31903.59
MinimumVisualStudioVersion = 10.0.40219.1
Project("{FAE04EC0-301F-11D3-BF4B-00C04F79EFBC}") = "WebsiteTemplate.Core", "WebsiteTemplate.Core\WebsiteTemplate.Core.csproj", "{548BB83D-02EC-4679-8174-A51917E8761F}"
EndProject
Project("{FAE04EC0-301F-11D3-BF4B-00C04F79EFBC}") = "WebsiteTemplate.StartApp", "WebsiteTemplate.StartApp\WebsiteTemplate.StartApp.csproj", "{0CB005DE-BDE3-4CAD-9AF8-EA8374950876}"
EndProject
Global
	GlobalSection(SolutionConfigurationPlatforms) = preSolution
		Debug|Any CPU = Debug|Any CPU
		Release|Any CPU = Release|Any CPU
	EndGlobalSection
	GlobalSection(SolutionProperties) = preSolution
		HideSolutionNode = FALSE
	EndGlobalSection
	GlobalSection(ProjectConfigurationPlatforms) = postSolution
		{548BB83D-02EC-4679-8174-A51917E8761F}.Debug|Any CPU.ActiveCfg = Debug|Any CPU
		{548BB83D-02EC-4679-8174-A51917E8761F}.Debug|Any CPU.Build.0 = Debug|Any CPU
		{548BB83D-02EC-4679-8174-A51917E8761F}.Release|Any CPU.ActiveCfg = Release|Any CPU
		{548BB83D-02EC-4679-8174-A51917E8761F}.Release|Any CPU.Build.0 = Release|Any CPU
		{0CB005DE-BDE3-4CAD-9AF8-EA8374950876}.Debug|Any CPU.ActiveCfg = Debug|Any CPU
		{0CB005DE-BDE3-4CAD-9AF8-EA8374950876}.Debug|Any CPU.Build.0 = Debug|Any CPU
		{0CB005DE-BDE3-4CAD-9AF8-EA8374950876}.Release|Any CPU.ActiveCfg = Release|Any CPU
		{0CB005DE-BDE3-4CAD-9AF8-EA8374950876}.Release|Any CPU.Build.0 = Release|Any CPU
	EndGlobalSection
EndGlobal
